// !$*UTF8*$!
{
	archiveVersion = 1;
	classes = {
	};
	objectVersion = 77;
	objects = {

/* Begin PBXBuildFile section */
		FE33C4402E6A7C0B0053570A /* Windows.swift in Sources */ = {isa = PBXBuildFile; fileRef = FE33C43F2E6A7B400053570A /* Windows.swift */; };
		FE33C4422E6A7D880053570A /* DesignTokens.swift in Sources */ = {isa = PBXBuildFile; fileRef = FE33C4412E6A7D860053570A /* DesignTokens.swift */; };
		FE33C46B2E6A819F0053570A /* InterDisplay-LightItalic.otf in Resources */ = {isa = PBXBuildFile; fileRef = FE33C4632E6A819F0053570A /* InterDisplay-LightItalic.otf */; };
		FE33C46C2E6A819F0053570A /* InterDisplay-Black.otf in Resources */ = {isa = PBXBuildFile; fileRef = FE33C4592E6A819F0053570A /* InterDisplay-Black.otf */; };
		FE33C46D2E6A819F0053570A /* Inter-ExtraLight.otf in Resources */ = {isa = PBXBuildFile; fileRef = FE33C44D2E6A819F0053570A /* Inter-ExtraLight.otf */; };
		FE33C46E2E6A819F0053570A /* InterDisplay-MediumItalic.otf in Resources */ = {isa = PBXBuildFile; fileRef = FE33C4652E6A819F0053570A /* InterDisplay-MediumItalic.otf */; };
		FE33C46F2E6A819F0053570A /* InterDisplay-ExtraBold.otf in Resources */ = {isa = PBXBuildFile; fileRef = FE33C45D2E6A819F0053570A /* InterDisplay-ExtraBold.otf */; };
		FE33C4702E6A819F0053570A /* InterDisplay-ThinItalic.otf in Resources */ = {isa = PBXBuildFile; fileRef = FE33C46A2E6A819F0053570A /* InterDisplay-ThinItalic.otf */; };
		FE33C4712E6A819F0053570A /* Inter-BlackItalic.otf in Resources */ = {isa = PBXBuildFile; fileRef = FE33C4482E6A819F0053570A /* Inter-BlackItalic.otf */; };
		FE33C4722E6A819F0053570A /* Inter-Thin.otf in Resources */ = {isa = PBXBuildFile; fileRef = FE33C4572E6A819F0053570A /* Inter-Thin.otf */; };
		FE33C4732E6A819F0053570A /* InterDisplay-Italic.otf in Resources */ = {isa = PBXBuildFile; fileRef = FE33C4612E6A819F0053570A /* InterDisplay-Italic.otf */; };
		FE33C4742E6A819F0053570A /* Inter-Bold.otf in Resources */ = {isa = PBXBuildFile; fileRef = FE33C4492E6A819F0053570A /* Inter-Bold.otf */; };
		FE33C4752E6A819F0053570A /* InterDisplay-BlackItalic.otf in Resources */ = {isa = PBXBuildFile; fileRef = FE33C45A2E6A819F0053570A /* InterDisplay-BlackItalic.otf */; };
		FE33C4762E6A819F0053570A /* Inter-Italic.otf in Resources */ = {isa = PBXBuildFile; fileRef = FE33C44F2E6A819F0053570A /* Inter-Italic.otf */; };
		FE33C4772E6A819F0053570A /* Inter-LightItalic.otf in Resources */ = {isa = PBXBuildFile; fileRef = FE33C4512E6A819F0053570A /* Inter-LightItalic.otf */; };
		FE33C4782E6A819F0053570A /* Inter-SemiBold.otf in Resources */ = {isa = PBXBuildFile; fileRef = FE33C4552E6A819F0053570A /* Inter-SemiBold.otf */; };
		FE33C4792E6A819F0053570A /* InterDisplay-Thin.otf in Resources */ = {isa = PBXBuildFile; fileRef = FE33C4692E6A819F0053570A /* InterDisplay-Thin.otf */; };
		FE33C47A2E6A819F0053570A /* Inter-ExtraBoldItalic.otf in Resources */ = {isa = PBXBuildFile; fileRef = FE33C44C2E6A819F0053570A /* Inter-ExtraBoldItalic.otf */; };
		FE33C47B2E6A819F0053570A /* InterDisplay-Bold.otf in Resources */ = {isa = PBXBuildFile; fileRef = FE33C45B2E6A819F0053570A /* InterDisplay-Bold.otf */; };
		FE33C47C2E6A819F0053570A /* InterDisplay-Light.otf in Resources */ = {isa = PBXBuildFile; fileRef = FE33C4622E6A819F0053570A /* InterDisplay-Light.otf */; };
		FE33C47D2E6A819F0053570A /* Inter-MediumItalic.otf in Resources */ = {isa = PBXBuildFile; fileRef = FE33C4532E6A819F0053570A /* Inter-MediumItalic.otf */; };
		FE33C47E2E6A819F0053570A /* InterDisplay-ExtraLight.otf in Resources */ = {isa = PBXBuildFile; fileRef = FE33C45F2E6A819F0053570A /* InterDisplay-ExtraLight.otf */; };
		FE33C47F2E6A819F0053570A /* Inter-SemiBoldItalic.otf in Resources */ = {isa = PBXBuildFile; fileRef = FE33C4562E6A819F0053570A /* Inter-SemiBoldItalic.otf */; };
		FE33C4802E6A819F0053570A /* InterDisplay-ExtraLightItalic.otf in Resources */ = {isa = PBXBuildFile; fileRef = FE33C4602E6A819F0053570A /* InterDisplay-ExtraLightItalic.otf */; };
		FE33C4812E6A819F0053570A /* InterDisplay-BoldItalic.otf in Resources */ = {isa = PBXBuildFile; fileRef = FE33C45C2E6A819F0053570A /* InterDisplay-BoldItalic.otf */; };
		FE33C4822E6A819F0053570A /* Inter-Medium.otf in Resources */ = {isa = PBXBuildFile; fileRef = FE33C4522E6A819F0053570A /* Inter-Medium.otf */; };
		FE33C4832E6A819F0053570A /* Inter-ThinItalic.otf in Resources */ = {isa = PBXBuildFile; fileRef = FE33C4582E6A819F0053570A /* Inter-ThinItalic.otf */; };
		FE33C4842E6A819F0053570A /* InterDisplay-SemiBoldItalic.otf in Resources */ = {isa = PBXBuildFile; fileRef = FE33C4682E6A819F0053570A /* InterDisplay-SemiBoldItalic.otf */; };
		FE33C4852E6A819F0053570A /* InterDisplay-Medium.otf in Resources */ = {isa = PBXBuildFile; fileRef = FE33C4642E6A819F0053570A /* InterDisplay-Medium.otf */; };
		FE33C4862E6A819F0053570A /* Inter-Black.otf in Resources */ = {isa = PBXBuildFile; fileRef = FE33C4472E6A819F0053570A /* Inter-Black.otf */; };
		FE33C4872E6A819F0053570A /* InterDisplay-SemiBold.otf in Resources */ = {isa = PBXBuildFile; fileRef = FE33C4672E6A819F0053570A /* InterDisplay-SemiBold.otf */; };
		FE33C4882E6A819F0053570A /* Inter-BoldItalic.otf in Resources */ = {isa = PBXBuildFile; fileRef = FE33C44A2E6A819F0053570A /* Inter-BoldItalic.otf */; };
		FE33C4892E6A819F0053570A /* Inter-ExtraLightItalic.otf in Resources */ = {isa = PBXBuildFile; fileRef = FE33C44E2E6A819F0053570A /* Inter-ExtraLightItalic.otf */; };
		FE33C48A2E6A819F0053570A /* Inter-ExtraBold.otf in Resources */ = {isa = PBXBuildFile; fileRef = FE33C44B2E6A819F0053570A /* Inter-ExtraBold.otf */; };
		FE33C48B2E6A819F0053570A /* InterDisplay-ExtraBoldItalic.otf in Resources */ = {isa = PBXBuildFile; fileRef = FE33C45E2E6A819F0053570A /* InterDisplay-ExtraBoldItalic.otf */; };
		FE33C48C2E6A819F0053570A /* Inter-Light.otf in Resources */ = {isa = PBXBuildFile; fileRef = FE33C4502E6A819F0053570A /* Inter-Light.otf */; };
		FE33C48D2E6A819F0053570A /* InterDisplay-Regular.otf in Resources */ = {isa = PBXBuildFile; fileRef = FE33C4662E6A819F0053570A /* InterDisplay-Regular.otf */; };
		FE33C48E2E6A819F0053570A /* Inter-Regular.otf in Resources */ = {isa = PBXBuildFile; fileRef = FE33C4542E6A819F0053570A /* Inter-Regular.otf */; };
		FE33C4902E6A824E0053570A /* Info.plist in Resources */ = {isa = PBXBuildFile; fileRef = FE33C48F2E6A82440053570A /* Info.plist */; };
		FE33C4922E6A85E00053570A /* CommandPalette.swift in Sources */ = {isa = PBXBuildFile; fileRef = FE33C4912E6A85D20053570A /* CommandPalette.swift */; };
/* End PBXBuildFile section */

/* Begin PBXContainerItemProxy section */
		FE33C4222E6A769E0053570A /* PBXContainerItemProxy */ = {
			isa = PBXContainerItemProxy;
			containerPortal = FE33C40B2E6A769D0053570A /* Project object */;
			proxyType = 1;
			remoteGlobalIDString = FE33C4122E6A769D0053570A;
			remoteInfo = Seeker;
		};
		FE33C42C2E6A769E0053570A /* PBXContainerItemProxy */ = {
			isa = PBXContainerItemProxy;
			containerPortal = FE33C40B2E6A769D0053570A /* Project object */;
			proxyType = 1;
			remoteGlobalIDString = FE33C4122E6A769D0053570A;
			remoteInfo = Seeker;
		};
/* End PBXContainerItemProxy section */

/* Begin PBXFileReference section */
		FE33C4132E6A769D0053570A /* Seeker.app */ = {isa = PBXFileReference; explicitFileType = wrapper.application; includeInIndex = 0; path = Seeker.app; sourceTree = BUILT_PRODUCTS_DIR; };
		FE33C4212E6A769E0053570A /* SeekerTests.xctest */ = {isa = PBXFileReference; explicitFileType = wrapper.cfbundle; includeInIndex = 0; path = SeekerTests.xctest; sourceTree = BUILT_PRODUCTS_DIR; };
		FE33C42B2E6A769E0053570A /* SeekerUITests.xctest */ = {isa = PBXFileReference; explicitFileType = wrapper.cfbundle; includeInIndex = 0; path = SeekerUITests.xctest; sourceTree = BUILT_PRODUCTS_DIR; };
		FE33C43F2E6A7B400053570A /* Windows.swift */ = {isa = PBXFileReference; lastKnownFileType = sourcecode.swift; path = Windows.swift; sourceTree = "<group>"; };
		FE33C4412E6A7D860053570A /* DesignTokens.swift */ = {isa = PBXFileReference; lastKnownFileType = sourcecode.swift; path = DesignTokens.swift; sourceTree = "<group>"; };
		FE33C4472E6A819F0053570A /* Inter-Black.otf */ = {isa = PBXFileReference; lastKnownFileType = file; path = "Inter-Black.otf"; sourceTree = "<group>"; };
		FE33C4482E6A819F0053570A /* Inter-BlackItalic.otf */ = {isa = PBXFileReference; lastKnownFileType = file; path = "Inter-BlackItalic.otf"; sourceTree = "<group>"; };
		FE33C4492E6A819F0053570A /* Inter-Bold.otf */ = {isa = PBXFileReference; lastKnownFileType = file; path = "Inter-Bold.otf"; sourceTree = "<group>"; };
		FE33C44A2E6A819F0053570A /* Inter-BoldItalic.otf */ = {isa = PBXFileReference; lastKnownFileType = file; path = "Inter-BoldItalic.otf"; sourceTree = "<group>"; };
		FE33C44B2E6A819F0053570A /* Inter-ExtraBold.otf */ = {isa = PBXFileReference; lastKnownFileType = file; path = "Inter-ExtraBold.otf"; sourceTree = "<group>"; };
		FE33C44C2E6A819F0053570A /* Inter-ExtraBoldItalic.otf */ = {isa = PBXFileReference; lastKnownFileType = file; path = "Inter-ExtraBoldItalic.otf"; sourceTree = "<group>"; };
		FE33C44D2E6A819F0053570A /* Inter-ExtraLight.otf */ = {isa = PBXFileReference; lastKnownFileType = file; path = "Inter-ExtraLight.otf"; sourceTree = "<group>"; };
		FE33C44E2E6A819F0053570A /* Inter-ExtraLightItalic.otf */ = {isa = PBXFileReference; lastKnownFileType = file; path = "Inter-ExtraLightItalic.otf"; sourceTree = "<group>"; };
		FE33C44F2E6A819F0053570A /* Inter-Italic.otf */ = {isa = PBXFileReference; lastKnownFileType = file; path = "Inter-Italic.otf"; sourceTree = "<group>"; };
		FE33C4502E6A819F0053570A /* Inter-Light.otf */ = {isa = PBXFileReference; lastKnownFileType = file; path = "Inter-Light.otf"; sourceTree = "<group>"; };
		FE33C4512E6A819F0053570A /* Inter-LightItalic.otf */ = {isa = PBXFileReference; lastKnownFileType = file; path = "Inter-LightItalic.otf"; sourceTree = "<group>"; };
		FE33C4522E6A819F0053570A /* Inter-Medium.otf */ = {isa = PBXFileReference; lastKnownFileType = file; path = "Inter-Medium.otf"; sourceTree = "<group>"; };
		FE33C4532E6A819F0053570A /* Inter-MediumItalic.otf */ = {isa = PBXFileReference; lastKnownFileType = file; path = "Inter-MediumItalic.otf"; sourceTree = "<group>"; };
		FE33C4542E6A819F0053570A /* Inter-Regular.otf */ = {isa = PBXFileReference; lastKnownFileType = file; path = "Inter-Regular.otf"; sourceTree = "<group>"; };
		FE33C4552E6A819F0053570A /* Inter-SemiBold.otf */ = {isa = PBXFileReference; lastKnownFileType = file; path = "Inter-SemiBold.otf"; sourceTree = "<group>"; };
		FE33C4562E6A819F0053570A /* Inter-SemiBoldItalic.otf */ = {isa = PBXFileReference; lastKnownFileType = file; path = "Inter-SemiBoldItalic.otf"; sourceTree = "<group>"; };
		FE33C4572E6A819F0053570A /* Inter-Thin.otf */ = {isa = PBXFileReference; lastKnownFileType = file; path = "Inter-Thin.otf"; sourceTree = "<group>"; };
		FE33C4582E6A819F0053570A /* Inter-ThinItalic.otf */ = {isa = PBXFileReference; lastKnownFileType = file; path = "Inter-ThinItalic.otf"; sourceTree = "<group>"; };
		FE33C4592E6A819F0053570A /* InterDisplay-Black.otf */ = {isa = PBXFileReference; lastKnownFileType = file; path = "InterDisplay-Black.otf"; sourceTree = "<group>"; };
		FE33C45A2E6A819F0053570A /* InterDisplay-BlackItalic.otf */ = {isa = PBXFileReference; lastKnownFileType = file; path = "InterDisplay-BlackItalic.otf"; sourceTree = "<group>"; };
		FE33C45B2E6A819F0053570A /* InterDisplay-Bold.otf */ = {isa = PBXFileReference; lastKnownFileType = file; path = "InterDisplay-Bold.otf"; sourceTree = "<group>"; };
		FE33C45C2E6A819F0053570A /* InterDisplay-BoldItalic.otf */ = {isa = PBXFileReference; lastKnownFileType = file; path = "InterDisplay-BoldItalic.otf"; sourceTree = "<group>"; };
		FE33C45D2E6A819F0053570A /* InterDisplay-ExtraBold.otf */ = {isa = PBXFileReference; lastKnownFileType = file; path = "InterDisplay-ExtraBold.otf"; sourceTree = "<group>"; };
		FE33C45E2E6A819F0053570A /* InterDisplay-ExtraBoldItalic.otf */ = {isa = PBXFileReference; lastKnownFileType = file; path = "InterDisplay-ExtraBoldItalic.otf"; sourceTree = "<group>"; };
		FE33C45F2E6A819F0053570A /* InterDisplay-ExtraLight.otf */ = {isa = PBXFileReference; lastKnownFileType = file; path = "InterDisplay-ExtraLight.otf"; sourceTree = "<group>"; };
		FE33C4602E6A819F0053570A /* InterDisplay-ExtraLightItalic.otf */ = {isa = PBXFileReference; lastKnownFileType = file; path = "InterDisplay-ExtraLightItalic.otf"; sourceTree = "<group>"; };
		FE33C4612E6A819F0053570A /* InterDisplay-Italic.otf */ = {isa = PBXFileReference; lastKnownFileType = file; path = "InterDisplay-Italic.otf"; sourceTree = "<group>"; };
		FE33C4622E6A819F0053570A /* InterDisplay-Light.otf */ = {isa = PBXFileReference; lastKnownFileType = file; path = "InterDisplay-Light.otf"; sourceTree = "<group>"; };
		FE33C4632E6A819F0053570A /* InterDisplay-LightItalic.otf */ = {isa = PBXFileReference; lastKnownFileType = file; path = "InterDisplay-LightItalic.otf"; sourceTree = "<group>"; };
		FE33C4642E6A819F0053570A /* InterDisplay-Medium.otf */ = {isa = PBXFileReference; lastKnownFileType = file; path = "InterDisplay-Medium.otf"; sourceTree = "<group>"; };
		FE33C4652E6A819F0053570A /* InterDisplay-MediumItalic.otf */ = {isa = PBXFileReference; lastKnownFileType = file; path = "InterDisplay-MediumItalic.otf"; sourceTree = "<group>"; };
		FE33C4662E6A819F0053570A /* InterDisplay-Regular.otf */ = {isa = PBXFileReference; lastKnownFileType = file; path = "InterDisplay-Regular.otf"; sourceTree = "<group>"; };
		FE33C4672E6A819F0053570A /* InterDisplay-SemiBold.otf */ = {isa = PBXFileReference; lastKnownFileType = file; path = "InterDisplay-SemiBold.otf"; sourceTree = "<group>"; };
		FE33C4682E6A819F0053570A /* InterDisplay-SemiBoldItalic.otf */ = {isa = PBXFileReference; lastKnownFileType = file; path = "InterDisplay-SemiBoldItalic.otf"; sourceTree = "<group>"; };
		FE33C4692E6A819F0053570A /* InterDisplay-Thin.otf */ = {isa = PBXFileReference; lastKnownFileType = file; path = "InterDisplay-Thin.otf"; sourceTree = "<group>"; };
		FE33C46A2E6A819F0053570A /* InterDisplay-ThinItalic.otf */ = {isa = PBXFileReference; lastKnownFileType = file; path = "InterDisplay-ThinItalic.otf"; sourceTree = "<group>"; };
		FE33C48F2E6A82440053570A /* Info.plist */ = {isa = PBXFileReference; lastKnownFileType = text.plist; path = Info.plist; sourceTree = "<group>"; };
		FE33C4912E6A85D20053570A /* CommandPalette.swift */ = {isa = PBXFileReference; lastKnownFileType = sourcecode.swift; path = CommandPalette.swift; sourceTree = "<group>"; };
/* End PBXFileReference section */

/* Begin PBXFileSystemSynchronizedRootGroup section */
		FE33C4152E6A769D0053570A /* Seeker */ = {
			isa = PBXFileSystemSynchronizedRootGroup;
			path = Seeker;
			sourceTree = "<group>";
		};
		FE33C4242E6A769E0053570A /* SeekerTests */ = {
			isa = PBXFileSystemSynchronizedRootGroup;
			path = SeekerTests;
			sourceTree = "<group>";
		};
		FE33C42E2E6A769E0053570A /* SeekerUITests */ = {
			isa = PBXFileSystemSynchronizedRootGroup;
			path = SeekerUITests;
			sourceTree = "<group>";
		};
/* End PBXFileSystemSynchronizedRootGroup section */

/* Begin PBXFrameworksBuildPhase section */
		FE33C4102E6A769D0053570A /* Frameworks */ = {
			isa = PBXFrameworksBuildPhase;
			buildActionMask = 2147483647;
			files = (
			);
			runOnlyForDeploymentPostprocessing = 0;
		};
		FE33C41E2E6A769E0053570A /* Frameworks */ = {
			isa = PBXFrameworksBuildPhase;
			buildActionMask = 2147483647;
			files = (
			);
			runOnlyForDeploymentPostprocessing = 0;
		};
		FE33C4282E6A769E0053570A /* Frameworks */ = {
			isa = PBXFrameworksBuildPhase;
			buildActionMask = 2147483647;
			files = (
			);
			runOnlyForDeploymentPostprocessing = 0;
		};
/* End PBXFrameworksBuildPhase section */

/* Begin PBXGroup section */
		FE33C40A2E6A769D0053570A = {
			isa = PBXGroup;
			children = (
				FE33C48F2E6A82440053570A /* Info.plist */,
				FE33C4462E6A816F0053570A /* Fonts */,
				FE33C43E2E6A7B220053570A /* UI */,
				FE33C4152E6A769D0053570A /* Seeker */,
				FE33C4242E6A769E0053570A /* SeekerTests */,
				FE33C42E2E6A769E0053570A /* SeekerUITests */,
				FE33C4142E6A769D0053570A /* Products */,
			);
			sourceTree = "<group>";
		};
		FE33C4142E6A769D0053570A /* Products */ = {
			isa = PBXGroup;
			children = (
				FE33C4132E6A769D0053570A /* Seeker.app */,
				FE33C4212E6A769E0053570A /* SeekerTests.xctest */,
				FE33C42B2E6A769E0053570A /* SeekerUITests.xctest */,
			);
			name = Products;
			sourceTree = "<group>";
		};
		FE33C43E2E6A7B220053570A /* UI */ = {
			isa = PBXGroup;
			children = (
				FE33C4912E6A85D20053570A /* CommandPalette.swift */,
				FE33C4412E6A7D860053570A /* DesignTokens.swift */,
				FE33C43F2E6A7B400053570A /* Windows.swift */,
			);
			path = UI;
			sourceTree = "<group>";
		};
		FE33C4462E6A816F0053570A /* Fonts */ = {
			isa = PBXGroup;
			children = (
				FE33C4472E6A819F0053570A /* Inter-Black.otf */,
				FE33C4482E6A819F0053570A /* Inter-BlackItalic.otf */,
				FE33C4492E6A819F0053570A /* Inter-Bold.otf */,
				FE33C44A2E6A819F0053570A /* Inter-BoldItalic.otf */,
				FE33C44B2E6A819F0053570A /* Inter-ExtraBold.otf */,
				FE33C44C2E6A819F0053570A /* Inter-ExtraBoldItalic.otf */,
				FE33C44D2E6A819F0053570A /* Inter-ExtraLight.otf */,
				FE33C44E2E6A819F0053570A /* Inter-ExtraLightItalic.otf */,
				FE33C44F2E6A819F0053570A /* Inter-Italic.otf */,
				FE33C4502E6A819F0053570A /* Inter-Light.otf */,
				FE33C4512E6A819F0053570A /* Inter-LightItalic.otf */,
				FE33C4522E6A819F0053570A /* Inter-Medium.otf */,
				FE33C4532E6A819F0053570A /* Inter-MediumItalic.otf */,
				FE33C4542E6A819F0053570A /* Inter-Regular.otf */,
				FE33C4552E6A819F0053570A /* Inter-SemiBold.otf */,
				FE33C4562E6A819F0053570A /* Inter-SemiBoldItalic.otf */,
				FE33C4572E6A819F0053570A /* Inter-Thin.otf */,
				FE33C4582E6A819F0053570A /* Inter-ThinItalic.otf */,
				FE33C4592E6A819F0053570A /* InterDisplay-Black.otf */,
				FE33C45A2E6A819F0053570A /* InterDisplay-BlackItalic.otf */,
				FE33C45B2E6A819F0053570A /* InterDisplay-Bold.otf */,
				FE33C45C2E6A819F0053570A /* InterDisplay-BoldItalic.otf */,
				FE33C45D2E6A819F0053570A /* InterDisplay-ExtraBold.otf */,
				FE33C45E2E6A819F0053570A /* InterDisplay-ExtraBoldItalic.otf */,
				FE33C45F2E6A819F0053570A /* InterDisplay-ExtraLight.otf */,
				FE33C4602E6A819F0053570A /* InterDisplay-ExtraLightItalic.otf */,
				FE33C4612E6A819F0053570A /* InterDisplay-Italic.otf */,
				FE33C4622E6A819F0053570A /* InterDisplay-Light.otf */,
				FE33C4632E6A819F0053570A /* InterDisplay-LightItalic.otf */,
				FE33C4642E6A819F0053570A /* InterDisplay-Medium.otf */,
				FE33C4652E6A819F0053570A /* InterDisplay-MediumItalic.otf */,
				FE33C4662E6A819F0053570A /* InterDisplay-Regular.otf */,
				FE33C4672E6A819F0053570A /* InterDisplay-SemiBold.otf */,
				FE33C4682E6A819F0053570A /* InterDisplay-SemiBoldItalic.otf */,
				FE33C4692E6A819F0053570A /* InterDisplay-Thin.otf */,
				FE33C46A2E6A819F0053570A /* InterDisplay-ThinItalic.otf */,
			);
			path = Fonts;
			sourceTree = "<group>";
		};
/* End PBXGroup section */

/* Begin PBXNativeTarget section */
		FE33C4122E6A769D0053570A /* Seeker */ = {
			isa = PBXNativeTarget;
			buildConfigurationList = FE33C4352E6A769E0053570A /* Build configuration list for PBXNativeTarget "Seeker" */;
			buildPhases = (
				FE33C40F2E6A769D0053570A /* Sources */,
				FE33C4102E6A769D0053570A /* Frameworks */,
				FE33C4112E6A769D0053570A /* Resources */,
			);
			buildRules = (
			);
			dependencies = (
			);
			fileSystemSynchronizedGroups = (
				FE33C4152E6A769D0053570A /* Seeker */,
			);
			name = Seeker;
			packageProductDependencies = (
			);
			productName = Seeker;
			productReference = FE33C4132E6A769D0053570A /* Seeker.app */;
			productType = "com.apple.product-type.application";
		};
		FE33C4202E6A769E0053570A /* SeekerTests */ = {
			isa = PBXNativeTarget;
			buildConfigurationList = FE33C4382E6A769E0053570A /* Build configuration list for PBXNativeTarget "SeekerTests" */;
			buildPhases = (
				FE33C41D2E6A769E0053570A /* Sources */,
				FE33C41E2E6A769E0053570A /* Frameworks */,
				FE33C41F2E6A769E0053570A /* Resources */,
			);
			buildRules = (
			);
			dependencies = (
				FE33C4232E6A769E0053570A /* PBXTargetDependency */,
			);
			fileSystemSynchronizedGroups = (
				FE33C4242E6A769E0053570A /* SeekerTests */,
			);
			name = SeekerTests;
			packageProductDependencies = (
			);
			productName = SeekerTests;
			productReference = FE33C4212E6A769E0053570A /* SeekerTests.xctest */;
			productType = "com.apple.product-type.bundle.unit-test";
		};
		FE33C42A2E6A769E0053570A /* SeekerUITests */ = {
			isa = PBXNativeTarget;
			buildConfigurationList = FE33C43B2E6A769E0053570A /* Build configuration list for PBXNativeTarget "SeekerUITests" */;
			buildPhases = (
				FE33C4272E6A769E0053570A /* Sources */,
				FE33C4282E6A769E0053570A /* Frameworks */,
				FE33C4292E6A769E0053570A /* Resources */,
			);
			buildRules = (
			);
			dependencies = (
				FE33C42D2E6A769E0053570A /* PBXTargetDependency */,
			);
			fileSystemSynchronizedGroups = (
				FE33C42E2E6A769E0053570A /* SeekerUITests */,
			);
			name = SeekerUITests;
			packageProductDependencies = (
			);
			productName = SeekerUITests;
			productReference = FE33C42B2E6A769E0053570A /* SeekerUITests.xctest */;
			productType = "com.apple.product-type.bundle.ui-testing";
		};
/* End PBXNativeTarget section */

/* Begin PBXProject section */
		FE33C40B2E6A769D0053570A /* Project object */ = {
			isa = PBXProject;
			attributes = {
				BuildIndependentTargetsInParallel = 1;
				LastSwiftUpdateCheck = 1640;
				LastUpgradeCheck = 1640;
				TargetAttributes = {
					FE33C4122E6A769D0053570A = {
						CreatedOnToolsVersion = 16.4;
					};
					FE33C4202E6A769E0053570A = {
						CreatedOnToolsVersion = 16.4;
						TestTargetID = FE33C4122E6A769D0053570A;
					};
					FE33C42A2E6A769E0053570A = {
						CreatedOnToolsVersion = 16.4;
						TestTargetID = FE33C4122E6A769D0053570A;
					};
				};
			};
			buildConfigurationList = FE33C40E2E6A769D0053570A /* Build configuration list for PBXProject "Seeker" */;
			developmentRegion = en;
			hasScannedForEncodings = 0;
			knownRegions = (
				en,
				Base,
			);
			mainGroup = FE33C40A2E6A769D0053570A;
			minimizedProjectReferenceProxies = 1;
			preferredProjectObjectVersion = 77;
			productRefGroup = FE33C4142E6A769D0053570A /* Products */;
			projectDirPath = "";
			projectRoot = "";
			targets = (
				FE33C4122E6A769D0053570A /* Seeker */,
				FE33C4202E6A769E0053570A /* SeekerTests */,
				FE33C42A2E6A769E0053570A /* SeekerUITests */,
			);
		};
/* End PBXProject section */

/* Begin PBXResourcesBuildPhase section */
		FE33C4112E6A769D0053570A /* Resources */ = {
			isa = PBXResourcesBuildPhase;
			buildActionMask = 2147483647;
			files = (
				FE33C46B2E6A819F0053570A /* InterDisplay-LightItalic.otf in Resources */,
				FE33C46C2E6A819F0053570A /* InterDisplay-Black.otf in Resources */,
				FE33C46D2E6A819F0053570A /* Inter-ExtraLight.otf in Resources */,
				FE33C46E2E6A819F0053570A /* InterDisplay-MediumItalic.otf in Resources */,
				FE33C46F2E6A819F0053570A /* InterDisplay-ExtraBold.otf in Resources */,
				FE33C4702E6A819F0053570A /* InterDisplay-ThinItalic.otf in Resources */,
				FE33C4712E6A819F0053570A /* Inter-BlackItalic.otf in Resources */,
				FE33C4722E6A819F0053570A /* Inter-Thin.otf in Resources */,
				FE33C4732E6A819F0053570A /* InterDisplay-Italic.otf in Resources */,
				FE33C4742E6A819F0053570A /* Inter-Bold.otf in Resources */,
				FE33C4752E6A819F0053570A /* InterDisplay-BlackItalic.otf in Resources */,
				FE33C4762E6A819F0053570A /* Inter-Italic.otf in Resources */,
				FE33C4772E6A819F0053570A /* Inter-LightItalic.otf in Resources */,
				FE33C4782E6A819F0053570A /* Inter-SemiBold.otf in Resources */,
				FE33C4792E6A819F0053570A /* InterDisplay-Thin.otf in Resources */,
				FE33C47A2E6A819F0053570A /* Inter-ExtraBoldItalic.otf in Resources */,
				FE33C47B2E6A819F0053570A /* InterDisplay-Bold.otf in Resources */,
				FE33C47C2E6A819F0053570A /* InterDisplay-Light.otf in Resources */,
				FE33C47D2E6A819F0053570A /* Inter-MediumItalic.otf in Resources */,
				FE33C47E2E6A819F0053570A /* InterDisplay-ExtraLight.otf in Resources */,
				FE33C47F2E6A819F0053570A /* Inter-SemiBoldItalic.otf in Resources */,
				FE33C4802E6A819F0053570A /* InterDisplay-ExtraLightItalic.otf in Resources */,
				FE33C4812E6A819F0053570A /* InterDisplay-BoldItalic.otf in Resources */,
				FE33C4822E6A819F0053570A /* Inter-Medium.otf in Resources */,
				FE33C4832E6A819F0053570A /* Inter-ThinItalic.otf in Resources */,
				FE33C4842E6A819F0053570A /* InterDisplay-SemiBoldItalic.otf in Resources */,
				FE33C4852E6A819F0053570A /* InterDisplay-Medium.otf in Resources */,
				FE33C4902E6A824E0053570A /* Info.plist in Resources */,
				FE33C4862E6A819F0053570A /* Inter-Black.otf in Resources */,
				FE33C4872E6A819F0053570A /* InterDisplay-SemiBold.otf in Resources */,
				FE33C4882E6A819F0053570A /* Inter-BoldItalic.otf in Resources */,
				FE33C4892E6A819F0053570A /* Inter-ExtraLightItalic.otf in Resources */,
				FE33C48A2E6A819F0053570A /* Inter-ExtraBold.otf in Resources */,
				FE33C48B2E6A819F0053570A /* InterDisplay-ExtraBoldItalic.otf in Resources */,
				FE33C48C2E6A819F0053570A /* Inter-Light.otf in Resources */,
				FE33C48D2E6A819F0053570A /* InterDisplay-Regular.otf in Resources */,
				FE33C48E2E6A819F0053570A /* Inter-Regular.otf in Resources */,
			);
			runOnlyForDeploymentPostprocessing = 0;
		};
		FE33C41F2E6A769E0053570A /* Resources */ = {
			isa = PBXResourcesBuildPhase;
			buildActionMask = 2147483647;
			files = (
			);
			runOnlyForDeploymentPostprocessing = 0;
		};
		FE33C4292E6A769E0053570A /* Resources */ = {
			isa = PBXResourcesBuildPhase;
			buildActionMask = 2147483647;
			files = (
			);
			runOnlyForDeploymentPostprocessing = 0;
		};
/* End PBXResourcesBuildPhase section */

/* Begin PBXSourcesBuildPhase section */
		FE33C40F2E6A769D0053570A /* Sources */ = {
			isa = PBXSourcesBuildPhase;
			buildActionMask = 2147483647;
			files = (
				FE33C4402E6A7C0B0053570A /* Windows.swift in Sources */,
				FE33C4422E6A7D880053570A /* DesignTokens.swift in Sources */,
				FE33C4922E6A85E00053570A /* CommandPalette.swift in Sources */,
			);
			runOnlyForDeploymentPostprocessing = 0;
		};
		FE33C41D2E6A769E0053570A /* Sources */ = {
			isa = PBXSourcesBuildPhase;
			buildActionMask = 2147483647;
			files = (
			);
			runOnlyForDeploymentPostprocessing = 0;
		};
		FE33C4272E6A769E0053570A /* Sources */ = {
			isa = PBXSourcesBuildPhase;
			buildActionMask = 2147483647;
			files = (
			);
			runOnlyForDeploymentPostprocessing = 0;
		};
/* End PBXSourcesBuildPhase section */

/* Begin PBXTargetDependency section */
		FE33C4232E6A769E0053570A /* PBXTargetDependency */ = {
			isa = PBXTargetDependency;
			target = FE33C4122E6A769D0053570A /* Seeker */;
			targetProxy = FE33C4222E6A769E0053570A /* PBXContainerItemProxy */;
		};
		FE33C42D2E6A769E0053570A /* PBXTargetDependency */ = {
			isa = PBXTargetDependency;
			target = FE33C4122E6A769D0053570A /* Seeker */;
			targetProxy = FE33C42C2E6A769E0053570A /* PBXContainerItemProxy */;
		};
/* End PBXTargetDependency section */

/* Begin XCBuildConfiguration section */
		FE33C4332E6A769E0053570A /* Debug */ = {
			isa = XCBuildConfiguration;
			buildSettings = {
				ALWAYS_SEARCH_USER_PATHS = NO;
				ASSETCATALOG_COMPILER_GENERATE_SWIFT_ASSET_SYMBOL_EXTENSIONS = YES;
				CLANG_ANALYZER_NONNULL = YES;
				CLANG_ANALYZER_NUMBER_OBJECT_CONVERSION = YES_AGGRESSIVE;
				CLANG_CXX_LANGUAGE_STANDARD = "gnu++20";
				CLANG_ENABLE_MODULES = YES;
				CLANG_ENABLE_OBJC_ARC = YES;
				CLANG_ENABLE_OBJC_WEAK = YES;
				CLANG_WARN_BLOCK_CAPTURE_AUTORELEASING = YES;
				CLANG_WARN_BOOL_CONVERSION = YES;
				CLANG_WARN_COMMA = YES;
				CLANG_WARN_CONSTANT_CONVERSION = YES;
				CLANG_WARN_DEPRECATED_OBJC_IMPLEMENTATIONS = YES;
				CLANG_WARN_DIRECT_OBJC_ISA_USAGE = YES_ERROR;
				CLANG_WARN_DOCUMENTATION_COMMENTS = YES;
				CLANG_WARN_EMPTY_BODY = YES;
				CLANG_WARN_ENUM_CONVERSION = YES;
				CLANG_WARN_INFINITE_RECURSION = YES;
				CLANG_WARN_INT_CONVERSION = YES;
				CLANG_WARN_NON_LITERAL_NULL_CONVERSION = YES;
				CLANG_WARN_OBJC_IMPLICIT_RETAIN_SELF = YES;
				CLANG_WARN_OBJC_LITERAL_CONVERSION = YES;
				CLANG_WARN_OBJC_ROOT_CLASS = YES_ERROR;
				CLANG_WARN_QUOTED_INCLUDE_IN_FRAMEWORK_HEADER = YES;
				CLANG_WARN_RANGE_LOOP_ANALYSIS = YES;
				CLANG_WARN_STRICT_PROTOTYPES = YES;
				CLANG_WARN_SUSPICIOUS_MOVE = YES;
				CLANG_WARN_UNGUARDED_AVAILABILITY = YES_AGGRESSIVE;
				CLANG_WARN_UNREACHABLE_CODE = YES;
				CLANG_WARN__DUPLICATE_METHOD_MATCH = YES;
				COPY_PHASE_STRIP = NO;
				DEBUG_INFORMATION_FORMAT = dwarf;
				ENABLE_STRICT_OBJC_MSGSEND = YES;
				ENABLE_TESTABILITY = YES;
				ENABLE_USER_SCRIPT_SANDBOXING = YES;
				GCC_C_LANGUAGE_STANDARD = gnu17;
				GCC_DYNAMIC_NO_PIC = NO;
				GCC_NO_COMMON_BLOCKS = YES;
				GCC_OPTIMIZATION_LEVEL = 0;
				GCC_PREPROCESSOR_DEFINITIONS = (
					"DEBUG=1",
					"$(inherited)",
				);
				GCC_WARN_64_TO_32_BIT_CONVERSION = YES;
				GCC_WARN_ABOUT_RETURN_TYPE = YES_ERROR;
				GCC_WARN_UNDECLARED_SELECTOR = YES;
				GCC_WARN_UNINITIALIZED_AUTOS = YES_AGGRESSIVE;
				GCC_WARN_UNUSED_FUNCTION = YES;
				GCC_WARN_UNUSED_VARIABLE = YES;
				LOCALIZATION_PREFERS_STRING_CATALOGS = YES;
				MACOSX_DEPLOYMENT_TARGET = 15.5;
				MTL_ENABLE_DEBUG_INFO = INCLUDE_SOURCE;
				MTL_FAST_MATH = YES;
				ONLY_ACTIVE_ARCH = YES;
				SDKROOT = macosx;
				SWIFT_ACTIVE_COMPILATION_CONDITIONS = "DEBUG $(inherited)";
				SWIFT_OPTIMIZATION_LEVEL = "-Onone";
			};
			name = Debug;
		};
		FE33C4342E6A769E0053570A /* Release */ = {
			isa = XCBuildConfiguration;
			buildSettings = {
				ALWAYS_SEARCH_USER_PATHS = NO;
				ASSETCATALOG_COMPILER_GENERATE_SWIFT_ASSET_SYMBOL_EXTENSIONS = YES;
				CLANG_ANALYZER_NONNULL = YES;
				CLANG_ANALYZER_NUMBER_OBJECT_CONVERSION = YES_AGGRESSIVE;
				CLANG_CXX_LANGUAGE_STANDARD = "gnu++20";
				CLANG_ENABLE_MODULES = YES;
				CLANG_ENABLE_OBJC_ARC = YES;
				CLANG_ENABLE_OBJC_WEAK = YES;
				CLANG_WARN_BLOCK_CAPTURE_AUTORELEASING = YES;
				CLANG_WARN_BOOL_CONVERSION = YES;
				CLANG_WARN_COMMA = YES;
				CLANG_WARN_CONSTANT_CONVERSION = YES;
				CLANG_WARN_DEPRECATED_OBJC_IMPLEMENTATIONS = YES;
				CLANG_WARN_DIRECT_OBJC_ISA_USAGE = YES_ERROR;
				CLANG_WARN_DOCUMENTATION_COMMENTS = YES;
				CLANG_WARN_EMPTY_BODY = YES;
				CLANG_WARN_ENUM_CONVERSION = YES;
				CLANG_WARN_INFINITE_RECURSION = YES;
				CLANG_WARN_INT_CONVERSION = YES;
				CLANG_WARN_NON_LITERAL_NULL_CONVERSION = YES;
				CLANG_WARN_OBJC_IMPLICIT_RETAIN_SELF = YES;
				CLANG_WARN_OBJC_LITERAL_CONVERSION = YES;
				CLANG_WARN_OBJC_ROOT_CLASS = YES_ERROR;
				CLANG_WARN_QUOTED_INCLUDE_IN_FRAMEWORK_HEADER = YES;
				CLANG_WARN_RANGE_LOOP_ANALYSIS = YES;
				CLANG_WARN_STRICT_PROTOTYPES = YES;
				CLANG_WARN_SUSPICIOUS_MOVE = YES;
				CLANG_WARN_UNGUARDED_AVAILABILITY = YES_AGGRESSIVE;
				CLANG_WARN_UNREACHABLE_CODE = YES;
				CLANG_WARN__DUPLICATE_METHOD_MATCH = YES;
				COPY_PHASE_STRIP = NO;
				DEBUG_INFORMATION_FORMAT = "dwarf-with-dsym";
				ENABLE_NS_ASSERTIONS = NO;
				ENABLE_STRICT_OBJC_MSGSEND = YES;
				ENABLE_USER_SCRIPT_SANDBOXING = YES;
				GCC_C_LANGUAGE_STANDARD = gnu17;
				GCC_NO_COMMON_BLOCKS = YES;
				GCC_WARN_64_TO_32_BIT_CONVERSION = YES;
				GCC_WARN_ABOUT_RETURN_TYPE = YES_ERROR;
				GCC_WARN_UNDECLARED_SELECTOR = YES;
				GCC_WARN_UNINITIALIZED_AUTOS = YES_AGGRESSIVE;
				GCC_WARN_UNUSED_FUNCTION = YES;
				GCC_WARN_UNUSED_VARIABLE = YES;
				LOCALIZATION_PREFERS_STRING_CATALOGS = YES;
				MACOSX_DEPLOYMENT_TARGET = 15.5;
				MTL_ENABLE_DEBUG_INFO = NO;
				MTL_FAST_MATH = YES;
				SDKROOT = macosx;
				SWIFT_COMPILATION_MODE = wholemodule;
			};
			name = Release;
		};
		FE33C4362E6A769E0053570A /* Debug */ = {
			isa = XCBuildConfiguration;
			buildSettings = {
				ASSETCATALOG_COMPILER_APPICON_NAME = AppIcon;
				ASSETCATALOG_COMPILER_GLOBAL_ACCENT_COLOR_NAME = AccentColor;
				CODE_SIGN_ENTITLEMENTS = Seeker/Seeker.entitlements;
				CODE_SIGN_STYLE = Automatic;
				COMBINE_HIDPI_IMAGES = YES;
				CURRENT_PROJECT_VERSION = 1;
				ENABLE_PREVIEWS = YES;
				GENERATE_INFOPLIST_FILE = YES;
				INFOPLIST_KEY_NSHumanReadableCopyright = "";
				LD_RUNPATH_SEARCH_PATHS = (
					"$(inherited)",
					"@executable_path/../Frameworks",
				);
				MARKETING_VERSION = 1.0;
				PRODUCT_BUNDLE_IDENTIFIER = dev.seekerapp.Seeker;
				PRODUCT_NAME = "$(TARGET_NAME)";
				REGISTER_APP_GROUPS = YES;
				SWIFT_EMIT_LOC_STRINGS = YES;
				SWIFT_VERSION = 5.0;
			};
			name = Debug;
		};
		FE33C4372E6A769E0053570A /* Release */ = {
			isa = XCBuildConfiguration;
			buildSettings = {
				ASSETCATALOG_COMPILER_APPICON_NAME = AppIcon;
				ASSETCATALOG_COMPILER_GLOBAL_ACCENT_COLOR_NAME = AccentColor;
				CODE_SIGN_ENTITLEMENTS = Seeker/Seeker.entitlements;
				CODE_SIGN_STYLE = Automatic;
				COMBINE_HIDPI_IMAGES = YES;
				CURRENT_PROJECT_VERSION = 1;
				ENABLE_PREVIEWS = YES;
				GENERATE_INFOPLIST_FILE = YES;
				INFOPLIST_KEY_NSHumanReadableCopyright = "";
				LD_RUNPATH_SEARCH_PATHS = (
					"$(inherited)",
					"@executable_path/../Frameworks",
				);
				MARKETING_VERSION = 1.0;
				PRODUCT_BUNDLE_IDENTIFIER = dev.seekerapp.Seeker;
				PRODUCT_NAME = "$(TARGET_NAME)";
				REGISTER_APP_GROUPS = YES;
				SWIFT_EMIT_LOC_STRINGS = YES;
				SWIFT_VERSION = 5.0;
			};
			name = Release;
		};
		FE33C4392E6A769E0053570A /* Debug */ = {
			isa = XCBuildConfiguration;
			buildSettings = {
				BUNDLE_LOADER = "$(TEST_HOST)";
				CODE_SIGN_STYLE = Automatic;
				CURRENT_PROJECT_VERSION = 1;
				GENERATE_INFOPLIST_FILE = YES;
				MACOSX_DEPLOYMENT_TARGET = 15.5;
				MARKETING_VERSION = 1.0;
				PRODUCT_BUNDLE_IDENTIFIER = dev.seekerapp.SeekerTests;
				PRODUCT_NAME = "$(TARGET_NAME)";
				SWIFT_EMIT_LOC_STRINGS = NO;
				SWIFT_VERSION = 5.0;
				TEST_HOST = "$(BUILT_PRODUCTS_DIR)/Seeker.app/$(BUNDLE_EXECUTABLE_FOLDER_PATH)/Seeker";
			};
			name = Debug;
		};
		FE33C43A2E6A769E0053570A /* Release */ = {
			isa = XCBuildConfiguration;
			buildSettings = {
				BUNDLE_LOADER = "$(TEST_HOST)";
				CODE_SIGN_STYLE = Automatic;
				CURRENT_PROJECT_VERSION = 1;
				GENERATE_INFOPLIST_FILE = YES;
				MACOSX_DEPLOYMENT_TARGET = 15.5;
				MARKETING_VERSION = 1.0;
				PRODUCT_BUNDLE_IDENTIFIER = dev.seekerapp.SeekerTests;
				PRODUCT_NAME = "$(TARGET_NAME)";
				SWIFT_EMIT_LOC_STRINGS = NO;
				SWIFT_VERSION = 5.0;
				TEST_HOST = "$(BUILT_PRODUCTS_DIR)/Seeker.app/$(BUNDLE_EXECUTABLE_FOLDER_PATH)/Seeker";
			};
			name = Release;
		};
		FE33C43C2E6A769E0053570A /* Debug */ = {
			isa = XCBuildConfiguration;
			buildSettings = {
				CODE_SIGN_STYLE = Automatic;
				CURRENT_PROJECT_VERSION = 1;
				GENERATE_INFOPLIST_FILE = YES;
				MARKETING_VERSION = 1.0;
				PRODUCT_BUNDLE_IDENTIFIER = dev.seekerapp.SeekerUITests;
				PRODUCT_NAME = "$(TARGET_NAME)";
				SWIFT_EMIT_LOC_STRINGS = NO;
				SWIFT_VERSION = 5.0;
				TEST_TARGET_NAME = Seeker;
			};
			name = Debug;
		};
		FE33C43D2E6A769E0053570A /* Release */ = {
			isa = XCBuildConfiguration;
			buildSettings = {
				CODE_SIGN_STYLE = Automatic;
				CURRENT_PROJECT_VERSION = 1;
				GENERATE_INFOPLIST_FILE = YES;
				MARKETING_VERSION = 1.0;
				PRODUCT_BUNDLE_IDENTIFIER = dev.seekerapp.SeekerUITests;
				PRODUCT_NAME = "$(TARGET_NAME)";
				SWIFT_EMIT_LOC_STRINGS = NO;
				SWIFT_VERSION = 5.0;
				TEST_TARGET_NAME = Seeker;
			};
			name = Release;
		};
/* End XCBuildConfiguration section */

/* Begin XCConfigurationList section */
		FE33C40E2E6A769D0053570A /* Build configuration list for PBXProject "Seeker" */ = {
			isa = XCConfigurationList;
			buildConfigurations = (
				FE33C4332E6A769E0053570A /* Debug */,
				FE33C4342E6A769E0053570A /* Release */,
			);
			defaultConfigurationIsVisible = 0;
			defaultConfigurationName = Release;
		};
		FE33C4352E6A769E0053570A /* Build configuration list for PBXNativeTarget "Seeker" */ = {
			isa = XCConfigurationList;
			buildConfigurations = (
				FE33C4362E6A769E0053570A /* Debug */,
				FE33C4372E6A769E0053570A /* Release */,
			);
			defaultConfigurationIsVisible = 0;
			defaultConfigurationName = Release;
		};
		FE33C4382E6A769E0053570A /* Build configuration list for PBXNativeTarget "SeekerTests" */ = {
			isa = XCConfigurationList;
			buildConfigurations = (
				FE33C4392E6A769E0053570A /* Debug */,
				FE33C43A2E6A769E0053570A /* Release */,
			);
			defaultConfigurationIsVisible = 0;
			defaultConfigurationName = Release;
		};
		FE33C43B2E6A769E0053570A /* Build configuration list for PBXNativeTarget "SeekerUITests" */ = {
			isa = XCConfigurationList;
			buildConfigurations = (
				FE33C43C2E6A769E0053570A /* Debug */,
				FE33C43D2E6A769E0053570A /* Release */,
			);
			defaultConfigurationIsVisible = 0;
			defaultConfigurationName = Release;
		};
/* End XCConfigurationList section */
	};
	rootObject = FE33C40B2E6A769D0053570A /* Project object */;
}
